PODS:
  - Firebase/Auth (10.16.0):
    - Firebase/CoreOnly
    - FirebaseAuth (~> 10.16.0)
  - Firebase/CoreOnly (10.16.0):
    - FirebaseCore (= 10.16.0)
  - Firebase/Database (10.16.0):
    - Firebase/CoreOnly
    - FirebaseDatabase (~> 10.16.0)
  - Firebase/Messaging (10.16.0):
    - Firebase/CoreOnly
    - FirebaseMessaging (~> 10.16.0)
  - Firebase/Storage (10.16.0):
    - Firebase/CoreOnly
    - FirebaseStorage (~> 10.16.0)
  - firebase_auth (4.12.1):
    - Firebase/Auth (= 10.16.0)
    - firebase_core
    - Flutter
  - firebase_core (2.21.0):
    - Firebase/CoreOnly (= 10.16.0)
    - Flutter
  - firebase_database (10.3.3):
    - Firebase/Database (= 10.16.0)
    - firebase_core
    - Flutter
  - firebase_messaging (14.7.3):
    - Firebase/Messaging (= 10.16.0)
    - firebase_core
    - Flutter
  - firebase_storage (11.4.1):
    - Firebase/Storage (= 10.16.0)
    - firebase_core
    - Flutter
  - FirebaseAppCheckInterop (10.16.0)
  - FirebaseAuth (10.16.0):
    - FirebaseAppCheckInterop (~> 10.0)
    - FirebaseCore (~> 10.0)
    - GoogleUtilities/AppDelegateSwizzler (~> 7.8)
    - GoogleUtilities/Environment (~> 7.8)
    - GTMSessionFetcher/Core (< 4.0, >= 2.1)
    - RecaptchaInterop (~> 100.0)
  - FirebaseAuthInterop (10.16.0)
  - FirebaseCore (10.16.0):
    - FirebaseCoreInternal (~> 10.0)
    - GoogleUtilities/Environment (~> 7.8)
    - GoogleUtilities/Logger (~> 7.8)
  - FirebaseCoreExtension (10.16.0):
    - FirebaseCore (~> 10.0)
  - FirebaseCoreInternal (10.16.0):
    - "GoogleUtilities/NSData+zlib (~> 7.8)"
  - FirebaseDatabase (10.16.0):
    - FirebaseAppCheckInterop (~> 10.16)
    - FirebaseCore (~> 10.0)
    - leveldb-library (~> 1.22)
  - FirebaseInstallations (10.16.0):
    - FirebaseCore (~> 10.0)
    - GoogleUtilities/Environment (~> 7.8)
    - GoogleUtilities/UserDefaults (~> 7.8)
    - PromisesObjC (~> 2.1)
  - FirebaseMessaging (10.16.0):
    - FirebaseCore (~> 10.0)
    - FirebaseInstallations (~> 10.0)
    - GoogleDataTransport (~> 9.2)
    - GoogleUtilities/AppDelegateSwizzler (~> 7.8)
    - GoogleUtilities/Environment (~> 7.8)
    - GoogleUtilities/Reachability (~> 7.8)
    - GoogleUtilities/UserDefaults (~> 7.8)
    - nanopb (< 2.30910.0, >= 2.30908.0)
  - FirebaseStorage (10.16.0):
    - FirebaseAppCheckInterop (~> 10.0)
    - FirebaseAuthInterop (~> 10.0)
    - FirebaseCore (~> 10.0)
    - FirebaseCoreExtension (~> 10.0)
    - GTMSessionFetcher/Core (< 4.0, >= 2.1)
  - Flutter (1.0.0)
  - flutter_geofire (0.0.1):
    - Flutter
    - GeoFire (~> 4.0)
  - fluttertoast (0.0.2):
    - Flutter
    - Toast
  - GeoFire (4.3.0):
    - GeoFire/Database (= 4.3.0)
  - GeoFire/Database (4.3.0):
    - Firebase/Database (~> 10.1)
    - GeoFire/Utils
  - GeoFire/Utils (4.3.0)
  - geolocator_apple (1.2.0):
    - Flutter
  - google_maps_flutter_ios (0.0.1):
    - Flutter
    - GoogleMaps (< 8.0)
  - GoogleDataTransport (9.2.5):
    - GoogleUtilities/Environment (~> 7.7)
    - nanopb (< 2.30910.0, >= 2.30908.0)
    - PromisesObjC (< 3.0, >= 1.2)
  - GoogleMaps (7.4.0):
    - GoogleMaps/Maps (= 7.4.0)
  - GoogleMaps/Base (7.4.0)
  - GoogleMaps/Maps (7.4.0):
    - GoogleMaps/Base
  - GoogleUtilities/AppDelegateSwizzler (7.11.5):
    - GoogleUtilities/Environment
    - GoogleUtilities/Logger
    - GoogleUtilities/Network
  - GoogleUtilities/Environment (7.11.5):
    - PromisesObjC (< 3.0, >= 1.2)
  - GoogleUtilities/Logger (7.11.5):
    - GoogleUtilities/Environment
  - GoogleUtilities/Network (7.11.5):
    - GoogleUtilities/Logger
    - "GoogleUtilities/NSData+zlib"
    - GoogleUtilities/Reachability
  - "GoogleUtilities/NSData+zlib (7.11.5)"
  - GoogleUtilities/Reachability (7.11.5):
    - GoogleUtilities/Logger
  - GoogleUtilities/UserDefaults (7.11.5):
    - GoogleUtilities/Logger
  - GTMSessionFetcher/Core (3.1.1)
  - leveldb-library (1.22.2)
  - location (0.0.1):
    - Flutter
  - nanopb (2.30909.0):
    - nanopb/decode (= 2.30909.0)
    - nanopb/encode (= 2.30909.0)
  - nanopb/decode (2.30909.0)
  - nanopb/encode (2.30909.0)
  - PromisesObjC (2.3.1)
  - RecaptchaInterop (100.0.0)
  - Toast (4.0.0)
  - url_launcher_ios (0.0.1):
    - Flutter

DEPENDENCIES:
  - firebase_auth (from `.symlinks/plugins/firebase_auth/ios`)
  - firebase_core (from `.symlinks/plugins/firebase_core/ios`)
  - firebase_database (from `.symlinks/plugins/firebase_database/ios`)
  - firebase_messaging (from `.symlinks/plugins/firebase_messaging/ios`)
  - firebase_storage (from `.symlinks/plugins/firebase_storage/ios`)
  - Flutter (from `Flutter`)
  - flutter_geofire (from `.symlinks/plugins/flutter_geofire/ios`)
  - fluttertoast (from `.symlinks/plugins/fluttertoast/ios`)
  - GeoFire (from `https://github.com/mrdishant/geofire-objc`)
  - geolocator_apple (from `.symlinks/plugins/geolocator_apple/ios`)
  - google_maps_flutter_ios (from `.symlinks/plugins/google_maps_flutter_ios/ios`)
  - location (from `.symlinks/plugins/location/ios`)
  - url_launcher_ios (from `.symlinks/plugins/url_launcher_ios/ios`)

SPEC REPOS:
  trunk:
    - Firebase
    - FirebaseAppCheckInterop
    - FirebaseAuth
    - FirebaseAuthInterop
    - FirebaseCore
    - FirebaseCoreExtension
    - FirebaseCoreInternal
    - FirebaseDatabase
    - FirebaseInstallations
    - FirebaseMessaging
    - FirebaseStorage
    - GoogleDataTransport
    - GoogleMaps
    - GoogleUtilities
    - GTMSessionFetcher
    - leveldb-library
    - nanopb
    - PromisesObjC
    - RecaptchaInterop
    - Toast

EXTERNAL SOURCES:
  firebase_auth:
    :path: ".symlinks/plugins/firebase_auth/ios"
  firebase_core:
    :path: ".symlinks/plugins/firebase_core/ios"
  firebase_database:
    :path: ".symlinks/plugins/firebase_database/ios"
  firebase_messaging:
    :path: ".symlinks/plugins/firebase_messaging/ios"
  firebase_storage:
    :path: ".symlinks/plugins/firebase_storage/ios"
  Flutter:
    :path: Flutter
  flutter_geofire:
    :path: ".symlinks/plugins/flutter_geofire/ios"
  fluttertoast:
    :path: ".symlinks/plugins/fluttertoast/ios"
  GeoFire:
    :git: https://github.com/mrdishant/geofire-objc
  geolocator_apple:
    :path: ".symlinks/plugins/geolocator_apple/ios"
  google_maps_flutter_ios:
    :path: ".symlinks/plugins/google_maps_flutter_ios/ios"
  location:
    :path: ".symlinks/plugins/location/ios"
  url_launcher_ios:
    :path: ".symlinks/plugins/url_launcher_ios/ios"

CHECKOUT OPTIONS:
  GeoFire:
    :commit: 5054b6cfe35486a23111df37b37df67102243958
    :git: https://github.com/mrdishant/geofire-objc

SPEC CHECKSUMS:
  Firebase: 25899099b77d255a636e3579c3d9dce10ec150d5
  firebase_auth: ff474dcf17bee5762106162e0791433024890ada
  firebase_core: 68027ba03585e3efe1608e35d3ab2777a64eabe9
  firebase_database: f676aa735c93c83b465d1aa0f5a48b4d1f5a5200
  firebase_messaging: e11ea61b449e6e39741b8a309ddab803ef1eb5cd
  firebase_storage: 39292d9729a2840035c6156fcec73168c7c234d4
  FirebaseAppCheckInterop: 82358cff9f33452dd44259e88eea5e562500b1cb
  FirebaseAuth: 3862d87d4d58deff08f705d471896a2f66e8bbf0
  FirebaseAuthInterop: b79fab8ce80e685145eee5f973d9ad5210e19d44
  FirebaseCore: 65a801af84cca84361ef9eac3fd868656968a53b
  FirebaseCoreExtension: 2dbc745b337eb99d2026a7a309ae037bd873f45e
  FirebaseCoreInternal: 26233f705cc4531236818a07ac84d20c333e505a
  FirebaseDatabase: c30143ba53120307f5c37d9ecb9acd780a1f7c55
  FirebaseInstallations: b822f91a61f7d1ba763e5ccc9d4f2e6f2ed3b3ee
  FirebaseMessaging: 80b4a086d20ed4fd385a702f4bfa920e14f5064d
  FirebaseStorage: d664834746c0274d267072c6bfa100960f90654a
  Flutter: f04841e97a9d0b0a8025694d0796dd46242b2854
  flutter_geofire: bdfbc0c9089638778117d488a9b64b565c277d7a
  fluttertoast: 31b00dabfa7fb7bacd9e7dbee580d7a2ff4bf265
  GeoFire: f113536c90f581f89107c31ec1efde1a1cae3115
  geolocator_apple: cc556e6844d508c95df1e87e3ea6fa4e58c50401
  google_maps_flutter_ios: abdac20d6ce8931f6ebc5f46616df241bfaa2cfd
  GoogleDataTransport: 54dee9d48d14580407f8f5fbf2f496e92437a2f2
  GoogleMaps: 032f676450ba0779bd8ce16840690915f84e57ac
  GoogleUtilities: 13e2c67ede716b8741c7989e26893d151b2b2084
  GTMSessionFetcher: e8647203b65cee28c5f73d0f473d096653945e72
  leveldb-library: f03246171cce0484482ec291f88b6d563699ee06
  location: d5cf8598915965547c3f36761ae9cc4f4e87d22e
  nanopb: b552cce312b6c8484180ef47159bc0f65a1f0431
  PromisesObjC: c50d2056b5253dadbd6c2bea79b0674bd5a52fa4
  RecaptchaInterop: 7d1a4a01a6b2cb1610a47ef3f85f0c411434cb21
  Toast: 91b396c56ee72a5790816f40d3a94dd357abc196
  url_launcher_ios: 68d46cc9766d0c41dbdc884310529557e3cd7a86

PODFILE CHECKSUM: 83aa76bf12bef32b61fa3ec36aba874b88a297cf

COCOAPODS: 1.14.2
